
Microsoft Visual Studio Solution File, Format Version 12.00
# Visual Studio Version 16
VisualStudioVersion = 16.0.32002.261
MinimumVisualStudioVersion = 10.0.40219.1
Project("{FAE04EC0-301F-11D3-BF4B-00C04F79EFBC}") = "BTL_TEST", "BTL_TEST\BTL_TEST.csproj", "{8C18AC7D-D954-4B33-9ECE-9286FA066914}"
EndProject
Global
	GlobalSection(SolutionConfigurationPlatforms) = preSolution
		Debug|Any CPU = Debug|Any CPU
		Release|Any CPU = Release|Any CPU
	EndGlobalSection
	GlobalSection(ProjectConfigurationPlatforms) = postSolution
		{8C18AC7D-D954-4B33-9ECE-9286FA066914}.Debug|Any CPU.ActiveCfg = Debug|Any CPU
		{8C18AC7D-D954-4B33-9ECE-9286FA066914}.Debug|Any CPU.Build.0 = Debug|Any CPU
		{8C18AC7D-D954-4B33-9ECE-9286FA066914}.Release|Any CPU.ActiveCfg = Release|Any CPU
		{8C18AC7D-D954-4B33-9ECE-9286FA066914}.Release|Any CPU.Build.0 = Release|Any CPU
	EndGlobalSection
	GlobalSection(SolutionProperties) = preSolution
		HideSolutionNode = FALSE
	EndGlobalSection
	GlobalSection(ExtensibilityGlobals) = postSolution
		SolutionGuid = {80CB85B2-C09E-4B49-9553-DC53364376F3}
	EndGlobalSection
EndGlobal
